// !$*UTF8*$!
{
	archiveVersion = 1;
	classes = {
	};
	objectVersion = 56;
	objects = {

/* Begin PBXBuildFile section */
		3344143E2A6304A60003A23D /* AnimalInfo.swift in Sources */ = {isa = PBXBuildFile; fileRef = 3344143D2A6304A60003A23D /* AnimalInfo.swift */; };
		334414412A6313920003A23D /* WebViewController.swift in Sources */ = {isa = PBXBuildFile; fileRef = 334414402A6313920003A23D /* WebViewController.swift */; };
		334414432A6313E30003A23D /* WebViewController.storyboard in Resources */ = {isa = PBXBuildFile; fileRef = 334414422A6313E30003A23D /* WebViewController.storyboard */; };
		33ABFE662A62A0D600D03EEE /* AppDelegate.swift in Sources */ = {isa = PBXBuildFile; fileRef = 33ABFE652A62A0D600D03EEE /* AppDelegate.swift */; };
		33ABFE682A62A0D600D03EEE /* SceneDelegate.swift in Sources */ = {isa = PBXBuildFile; fileRef = 33ABFE672A62A0D600D03EEE /* SceneDelegate.swift */; };
		33ABFE6F2A62A0D900D03EEE /* Assets.xcassets in Resources */ = {isa = PBXBuildFile; fileRef = 33ABFE6E2A62A0D900D03EEE /* Assets.xcassets */; };
		33ABFE722A62A0D900D03EEE /* LaunchScreen.storyboard in Resources */ = {isa = PBXBuildFile; fileRef = 33ABFE702A62A0D900D03EEE /* LaunchScreen.storyboard */; };
		33ABFE7B2A62A1C800D03EEE /* MainViewController.swift in Sources */ = {isa = PBXBuildFile; fileRef = 33ABFE7A2A62A1C800D03EEE /* MainViewController.swift */; };
		33ABFE7D2A62A23500D03EEE /* MainViewController.storyboard in Resources */ = {isa = PBXBuildFile; fileRef = 33ABFE7C2A62A23500D03EEE /* MainViewController.storyboard */; };
		33ABFE802A62A47100D03EEE /* MyView.xib in Resources */ = {isa = PBXBuildFile; fileRef = 33ABFE7F2A62A47100D03EEE /* MyView.xib */; };
		33ABFE822A62A49000D03EEE /* MyView.swift in Sources */ = {isa = PBXBuildFile; fileRef = 33ABFE812A62A49000D03EEE /* MyView.swift */; };
		33ABFE8F2A62A55D00D03EEE /* elephant.jpg in Resources */ = {isa = PBXBuildFile; fileRef = 33ABFE872A62A55A00D03EEE /* elephant.jpg */; };
		33ABFE902A62A55D00D03EEE /* ostrich.jpg in Resources */ = {isa = PBXBuildFile; fileRef = 33ABFE882A62A55B00D03EEE /* ostrich.jpg */; };
		33ABFE912A62A55D00D03EEE /* hippo.jpg in Resources */ = {isa = PBXBuildFile; fileRef = 33ABFE892A62A55B00D03EEE /* hippo.jpg */; };
		33ABFE922A62A55D00D03EEE /* zebra.jpg in Resources */ = {isa = PBXBuildFile; fileRef = 33ABFE8A2A62A55C00D03EEE /* zebra.jpg */; };
		33ABFE932A62A55D00D03EEE /* giraffe.jpg in Resources */ = {isa = PBXBuildFile; fileRef = 33ABFE8B2A62A55C00D03EEE /* giraffe.jpg */; };
		33ABFE942A62A55D00D03EEE /* gorilla.jpg in Resources */ = {isa = PBXBuildFile; fileRef = 33ABFE8C2A62A55D00D03EEE /* gorilla.jpg */; };
		33ABFE952A62A55D00D03EEE /* cheetah.jpg in Resources */ = {isa = PBXBuildFile; fileRef = 33ABFE8D2A62A55D00D03EEE /* cheetah.jpg */; };
		33ABFE962A62A55D00D03EEE /* lion.jpg in Resources */ = {isa = PBXBuildFile; fileRef = 33ABFE8E2A62A55D00D03EEE /* lion.jpg */; };
		33ABFEA92A62A5C200D03EEE /* gorilla.mp4 in Resources */ = {isa = PBXBuildFile; fileRef = 33ABFEA12A62A5BC00D03EEE /* gorilla.mp4 */; };
		33ABFEAA2A62A5C200D03EEE /* lion.mp4 in Resources */ = {isa = PBXBuildFile; fileRef = 33ABFEA22A62A5BD00D03EEE /* lion.mp4 */; };
		33ABFEAB2A62A5C200D03EEE /* giraffe.mp4 in Resources */ = {isa = PBXBuildFile; fileRef = 33ABFEA32A62A5BE00D03EEE /* giraffe.mp4 */; };
		33ABFEAC2A62A5C200D03EEE /* elephant.mp4 in Resources */ = {isa = PBXBuildFile; fileRef = 33ABFEA42A62A5BE00D03EEE /* elephant.mp4 */; };
		33ABFEAD2A62A5C200D03EEE /* hippo.mp4 in Resources */ = {isa = PBXBuildFile; fileRef = 33ABFEA52A62A5BF00D03EEE /* hippo.mp4 */; };
		33ABFEAE2A62A5C200D03EEE /* zebra.mp4 in Resources */ = {isa = PBXBuildFile; fileRef = 33ABFEA62A62A5C000D03EEE /* zebra.mp4 */; };
		33ABFEAF2A62A5C200D03EEE /* cheetah.mp4 in Resources */ = {isa = PBXBuildFile; fileRef = 33ABFEA72A62A5C100D03EEE /* cheetah.mp4 */; };
		33ABFEB02A62A5C200D03EEE /* ostrich.mp4 in Resources */ = {isa = PBXBuildFile; fileRef = 33ABFEA82A62A5C200D03EEE /* ostrich.mp4 */; };
/* End PBXBuildFile section */

/* Begin PBXFileReference section */
		3344143D2A6304A60003A23D /* AnimalInfo.swift */ = {isa = PBXFileReference; lastKnownFileType = sourcecode.swift; path = AnimalInfo.swift; sourceTree = "<group>"; };
		334414402A6313920003A23D /* WebViewController.swift */ = {isa = PBXFileReference; lastKnownFileType = sourcecode.swift; path = WebViewController.swift; sourceTree = "<group>"; };
		334414422A6313E30003A23D /* WebViewController.storyboard */ = {isa = PBXFileReference; lastKnownFileType = file.storyboard; path = WebViewController.storyboard; sourceTree = "<group>"; };
		33ABFE622A62A0D600D03EEE /* AnimalInfos-HW3.app */ = {isa = PBXFileReference; explicitFileType = wrapper.application; includeInIndex = 0; path = "AnimalInfos-HW3.app"; sourceTree = BUILT_PRODUCTS_DIR; };
		33ABFE652A62A0D600D03EEE /* AppDelegate.swift */ = {isa = PBXFileReference; lastKnownFileType = sourcecode.swift; path = AppDelegate.swift; sourceTree = "<group>"; };
		33ABFE672A62A0D600D03EEE /* SceneDelegate.swift */ = {isa = PBXFileReference; lastKnownFileType = sourcecode.swift; path = SceneDelegate.swift; sourceTree = "<group>"; };
		33ABFE6E2A62A0D900D03EEE /* Assets.xcassets */ = {isa = PBXFileReference; lastKnownFileType = folder.assetcatalog; path = Assets.xcassets; sourceTree = "<group>"; };
		33ABFE712A62A0D900D03EEE /* Base */ = {isa = PBXFileReference; lastKnownFileType = file.storyboard; name = Base; path = Base.lproj/LaunchScreen.storyboard; sourceTree = "<group>"; };
		33ABFE732A62A0D900D03EEE /* Info.plist */ = {isa = PBXFileReference; lastKnownFileType = text.plist.xml; path = Info.plist; sourceTree = "<group>"; };
		33ABFE7A2A62A1C800D03EEE /* MainViewController.swift */ = {isa = PBXFileReference; lastKnownFileType = sourcecode.swift; path = MainViewController.swift; sourceTree = "<group>"; };
		33ABFE7C2A62A23500D03EEE /* MainViewController.storyboard */ = {isa = PBXFileReference; lastKnownFileType = file.storyboard; path = MainViewController.storyboard; sourceTree = "<group>"; };
		33ABFE7F2A62A47100D03EEE /* MyView.xib */ = {isa = PBXFileReference; lastKnownFileType = file.xib; path = MyView.xib; sourceTree = "<group>"; };
		33ABFE812A62A49000D03EEE /* MyView.swift */ = {isa = PBXFileReference; lastKnownFileType = sourcecode.swift; path = MyView.swift; sourceTree = "<group>"; };
		33ABFE872A62A55A00D03EEE /* elephant.jpg */ = {isa = PBXFileReference; lastKnownFileType = image.jpeg; path = elephant.jpg; sourceTree = "<group>"; };
		33ABFE882A62A55B00D03EEE /* ostrich.jpg */ = {isa = PBXFileReference; lastKnownFileType = image.jpeg; path = ostrich.jpg; sourceTree = "<group>"; };
		33ABFE892A62A55B00D03EEE /* hippo.jpg */ = {isa = PBXFileReference; lastKnownFileType = image.jpeg; path = hippo.jpg; sourceTree = "<group>"; };
		33ABFE8A2A62A55C00D03EEE /* zebra.jpg */ = {isa = PBXFileReference; lastKnownFileType = image.jpeg; path = zebra.jpg; sourceTree = "<group>"; };
		33ABFE8B2A62A55C00D03EEE /* giraffe.jpg */ = {isa = PBXFileReference; lastKnownFileType = image.jpeg; path = giraffe.jpg; sourceTree = "<group>"; };
		33ABFE8C2A62A55D00D03EEE /* gorilla.jpg */ = {isa = PBXFileReference; lastKnownFileType = image.jpeg; path = gorilla.jpg; sourceTree = "<group>"; };
		33ABFE8D2A62A55D00D03EEE /* cheetah.jpg */ = {isa = PBXFileReference; lastKnownFileType = image.jpeg; path = cheetah.jpg; sourceTree = "<group>"; };
		33ABFE8E2A62A55D00D03EEE /* lion.jpg */ = {isa = PBXFileReference; lastKnownFileType = image.jpeg; path = lion.jpg; sourceTree = "<group>"; };
		33ABFEA12A62A5BC00D03EEE /* gorilla.mp4 */ = {isa = PBXFileReference; lastKnownFileType = file; path = gorilla.mp4; sourceTree = "<group>"; };
		33ABFEA22A62A5BD00D03EEE /* lion.mp4 */ = {isa = PBXFileReference; lastKnownFileType = file; path = lion.mp4; sourceTree = "<group>"; };
		33ABFEA32A62A5BE00D03EEE /* giraffe.mp4 */ = {isa = PBXFileReference; lastKnownFileType = file; path = giraffe.mp4; sourceTree = "<group>"; };
		33ABFEA42A62A5BE00D03EEE /* elephant.mp4 */ = {isa = PBXFileReference; lastKnownFileType = file; path = elephant.mp4; sourceTree = "<group>"; };
		33ABFEA52A62A5BF00D03EEE /* hippo.mp4 */ = {isa = PBXFileReference; lastKnownFileType = file; path = hippo.mp4; sourceTree = "<group>"; };
		33ABFEA62A62A5C000D03EEE /* zebra.mp4 */ = {isa = PBXFileReference; lastKnownFileType = file; path = zebra.mp4; sourceTree = "<group>"; };
		33ABFEA72A62A5C100D03EEE /* cheetah.mp4 */ = {isa = PBXFileReference; lastKnownFileType = file; path = cheetah.mp4; sourceTree = "<group>"; };
		33ABFEA82A62A5C200D03EEE /* ostrich.mp4 */ = {isa = PBXFileReference; lastKnownFileType = file; path = ostrich.mp4; sourceTree = "<group>"; };
/* End PBXFileReference section */

/* Begin PBXFrameworksBuildPhase section */
		33ABFE5F2A62A0D600D03EEE /* Frameworks */ = {
			isa = PBXFrameworksBuildPhase;
			buildActionMask = 2147483647;
			files = (
			);
			runOnlyForDeploymentPostprocessing = 0;
		};
/* End PBXFrameworksBuildPhase section */

/* Begin PBXGroup section */
		3344143F2A6313590003A23D /* Web Page */ = {
			isa = PBXGroup;
			children = (
				334414402A6313920003A23D /* WebViewController.swift */,
				334414422A6313E30003A23D /* WebViewController.storyboard */,
			);
			path = "Web Page";
			sourceTree = "<group>";
		};
		33ABFE592A62A0D600D03EEE = {
			isa = PBXGroup;
			children = (
				33ABFE642A62A0D600D03EEE /* AnimalInfos-HW3 */,
				33ABFE632A62A0D600D03EEE /* Products */,
			);
			sourceTree = "<group>";
		};
		33ABFE632A62A0D600D03EEE /* Products */ = {
			isa = PBXGroup;
			children = (
				33ABFE622A62A0D600D03EEE /* AnimalInfos-HW3.app */,
			);
			name = Products;
			sourceTree = "<group>";
		};
		33ABFE642A62A0D600D03EEE /* AnimalInfos-HW3 */ = {
			isa = PBXGroup;
			children = (
				33ABFEA02A62A5AA00D03EEE /* Videos */,
				33ABFE862A62A53F00D03EEE /* Pictures */,
				33ABFE832A62A50400D03EEE /* Animal Info */,
				33ABFE792A62A16B00D03EEE /* Main Page */,
				3344143F2A6313590003A23D /* Web Page */,
				33ABFE652A62A0D600D03EEE /* AppDelegate.swift */,
				33ABFE672A62A0D600D03EEE /* SceneDelegate.swift */,
				33ABFE6E2A62A0D900D03EEE /* Assets.xcassets */,
				33ABFE702A62A0D900D03EEE /* LaunchScreen.storyboard */,
				33ABFE732A62A0D900D03EEE /* Info.plist */,
			);
			path = "AnimalInfos-HW3";
			sourceTree = "<group>";
		};
		33ABFE792A62A16B00D03EEE /* Main Page */ = {
			isa = PBXGroup;
			children = (
				33ABFE7E2A62A41900D03EEE /* _components */,
				33ABFE7A2A62A1C800D03EEE /* MainViewController.swift */,
				33ABFE7C2A62A23500D03EEE /* MainViewController.storyboard */,
			);
			path = "Main Page";
			sourceTree = "<group>";
		};
		33ABFE7E2A62A41900D03EEE /* _components */ = {
			isa = PBXGroup;
			children = (
				33ABFE7F2A62A47100D03EEE /* MyView.xib */,
				33ABFE812A62A49000D03EEE /* MyView.swift */,
			);
			path = _components;
			sourceTree = "<group>";
		};
		33ABFE832A62A50400D03EEE /* Animal Info */ = {
			isa = PBXGroup;
			children = (
				3344143D2A6304A60003A23D /* AnimalInfo.swift */,
			);
			path = "Animal Info";
			sourceTree = "<group>";
		};
		33ABFE862A62A53F00D03EEE /* Pictures */ = {
			isa = PBXGroup;
			children = (
				33ABFE872A62A55A00D03EEE /* elephant.jpg */,
				33ABFE8B2A62A55C00D03EEE /* giraffe.jpg */,
				33ABFE8D2A62A55D00D03EEE /* cheetah.jpg */,
				33ABFE8C2A62A55D00D03EEE /* gorilla.jpg */,
				33ABFE892A62A55B00D03EEE /* hippo.jpg */,
				33ABFE8E2A62A55D00D03EEE /* lion.jpg */,
				33ABFE882A62A55B00D03EEE /* ostrich.jpg */,
				33ABFE8A2A62A55C00D03EEE /* zebra.jpg */,
			);
			path = Pictures;
			sourceTree = "<group>";
		};
		33ABFEA02A62A5AA00D03EEE /* Videos */ = {
			isa = PBXGroup;
			children = (
				33ABFEA72A62A5C100D03EEE /* cheetah.mp4 */,
				33ABFEA42A62A5BE00D03EEE /* elephant.mp4 */,
				33ABFEA32A62A5BE00D03EEE /* giraffe.mp4 */,
				33ABFEA12A62A5BC00D03EEE /* gorilla.mp4 */,
				33ABFEA52A62A5BF00D03EEE /* hippo.mp4 */,
				33ABFEA22A62A5BD00D03EEE /* lion.mp4 */,
				33ABFEA82A62A5C200D03EEE /* ostrich.mp4 */,
				33ABFEA62A62A5C000D03EEE /* zebra.mp4 */,
			);
			path = Videos;
			sourceTree = "<group>";
		};
/* End PBXGroup section */

/* Begin PBXNativeTarget section */
		33ABFE612A62A0D600D03EEE /* AnimalInfos-HW3 */ = {
			isa = PBXNativeTarget;
			buildConfigurationList = 33ABFE762A62A0D900D03EEE /* Build configuration list for PBXNativeTarget "AnimalInfos-HW3" */;
			buildPhases = (
				33ABFE5E2A62A0D600D03EEE /* Sources */,
				33ABFE5F2A62A0D600D03EEE /* Frameworks */,
				33ABFE602A62A0D600D03EEE /* Resources */,
			);
			buildRules = (
			);
			dependencies = (
			);
			name = "AnimalInfos-HW3";
			productName = "AnimalInfos-HW3";
			productReference = 33ABFE622A62A0D600D03EEE /* AnimalInfos-HW3.app */;
			productType = "com.apple.product-type.application";
		};
/* End PBXNativeTarget section */

/* Begin PBXProject section */
		33ABFE5A2A62A0D600D03EEE /* Project object */ = {
			isa = PBXProject;
			attributes = {
				BuildIndependentTargetsInParallel = 1;
				LastSwiftUpdateCheck = 1430;
				LastUpgradeCheck = 1430;
				TargetAttributes = {
					33ABFE612A62A0D600D03EEE = {
						CreatedOnToolsVersion = 14.3.1;
					};
				};
			};
			buildConfigurationList = 33ABFE5D2A62A0D600D03EEE /* Build configuration list for PBXProject "AnimalInfos-HW3" */;
			compatibilityVersion = "Xcode 14.0";
			developmentRegion = en;
			hasScannedForEncodings = 0;
			knownRegions = (
				en,
				Base,
			);
			mainGroup = 33ABFE592A62A0D600D03EEE;
			productRefGroup = 33ABFE632A62A0D600D03EEE /* Products */;
			projectDirPath = "";
			projectRoot = "";
			targets = (
				33ABFE612A62A0D600D03EEE /* AnimalInfos-HW3 */,
			);
		};
/* End PBXProject section */

/* Begin PBXResourcesBuildPhase section */
		33ABFE602A62A0D600D03EEE /* Resources */ = {
			isa = PBXResourcesBuildPhase;
			buildActionMask = 2147483647;
			files = (
				33ABFE902A62A55D00D03EEE /* ostrich.jpg in Resources */,
				33ABFE962A62A55D00D03EEE /* lion.jpg in Resources */,
				33ABFEAF2A62A5C200D03EEE /* cheetah.mp4 in Resources */,
				33ABFE802A62A47100D03EEE /* MyView.xib in Resources */,
				33ABFE8F2A62A55D00D03EEE /* elephant.jpg in Resources */,
				33ABFEAD2A62A5C200D03EEE /* hippo.mp4 in Resources */,
				33ABFE912A62A55D00D03EEE /* hippo.jpg in Resources */,
				33ABFE922A62A55D00D03EEE /* zebra.jpg in Resources */,
				33ABFE722A62A0D900D03EEE /* LaunchScreen.storyboard in Resources */,
				33ABFE7D2A62A23500D03EEE /* MainViewController.storyboard in Resources */,
				33ABFE6F2A62A0D900D03EEE /* Assets.xcassets in Resources */,
				33ABFEAA2A62A5C200D03EEE /* lion.mp4 in Resources */,
				334414432A6313E30003A23D /* WebViewController.storyboard in Resources */,
				33ABFE952A62A55D00D03EEE /* cheetah.jpg in Resources */,
				33ABFE942A62A55D00D03EEE /* gorilla.jpg in Resources */,
				33ABFEAC2A62A5C200D03EEE /* elephant.mp4 in Resources */,
				33ABFEA92A62A5C200D03EEE /* gorilla.mp4 in Resources */,
				33ABFE932A62A55D00D03EEE /* giraffe.jpg in Resources */,
				33ABFEAE2A62A5C200D03EEE /* zebra.mp4 in Resources */,
				33ABFEB02A62A5C200D03EEE /* ostrich.mp4 in Resources */,
				33ABFEAB2A62A5C200D03EEE /* giraffe.mp4 in Resources */,
			);
			runOnlyForDeploymentPostprocessing = 0;
		};
/* End PBXResourcesBuildPhase section */

/* Begin PBXSourcesBuildPhase section */
		33ABFE5E2A62A0D600D03EEE /* Sources */ = {
			isa = PBXSourcesBuildPhase;
			buildActionMask = 2147483647;
			files = (
				33ABFE822A62A49000D03EEE /* MyView.swift in Sources */,
				334414412A6313920003A23D /* WebViewController.swift in Sources */,
				33ABFE7B2A62A1C800D03EEE /* MainViewController.swift in Sources */,
				33ABFE662A62A0D600D03EEE /* AppDelegate.swift in Sources */,
				33ABFE682A62A0D600D03EEE /* SceneDelegate.swift in Sources */,
				3344143E2A6304A60003A23D /* AnimalInfo.swift in Sources */,
			);
			runOnlyForDeploymentPostprocessing = 0;
		};
/* End PBXSourcesBuildPhase section */

/* Begin PBXVariantGroup section */
		33ABFE702A62A0D900D03EEE /* LaunchScreen.storyboard */ = {
			isa = PBXVariantGroup;
			children = (
				33ABFE712A62A0D900D03EEE /* Base */,
			);
			name = LaunchScreen.storyboard;
			sourceTree = "<group>";
		};
/* End PBXVariantGroup section */

/* Begin XCBuildConfiguration section */
		33ABFE742A62A0D900D03EEE /* Debug */ = {
			isa = XCBuildConfiguration;
			buildSettings = {
				ALWAYS_SEARCH_USER_PATHS = NO;
				CLANG_ANALYZER_NONNULL = YES;
				CLANG_ANALYZER_NUMBER_OBJECT_CONVERSION = YES_AGGRESSIVE;
				CLANG_CXX_LANGUAGE_STANDARD = "gnu++20";
				CLANG_ENABLE_MODULES = YES;
				CLANG_ENABLE_OBJC_ARC = YES;
				CLANG_ENABLE_OBJC_WEAK = YES;
				CLANG_WARN_BLOCK_CAPTURE_AUTORELEASING = YES;
				CLANG_WARN_BOOL_CONVERSION = YES;
				CLANG_WARN_COMMA = YES;
				CLANG_WARN_CONSTANT_CONVERSION = YES;
				CLANG_WARN_DEPRECATED_OBJC_IMPLEMENTATIONS = YES;
				CLANG_WARN_DIRECT_OBJC_ISA_USAGE = YES_ERROR;
				CLANG_WARN_DOCUMENTATION_COMMENTS = YES;
				CLANG_WARN_EMPTY_BODY = YES;
				CLANG_WARN_ENUM_CONVERSION = YES;
				CLANG_WARN_INFINITE_RECURSION = YES;
				CLANG_WARN_INT_CONVERSION = YES;
				CLANG_WARN_NON_LITERAL_NULL_CONVERSION = YES;
				CLANG_WARN_OBJC_IMPLICIT_RETAIN_SELF = YES;
				CLANG_WARN_OBJC_LITERAL_CONVERSION = YES;
				CLANG_WARN_OBJC_ROOT_CLASS = YES_ERROR;
				CLANG_WARN_QUOTED_INCLUDE_IN_FRAMEWORK_HEADER = YES;
				CLANG_WARN_RANGE_LOOP_ANALYSIS = YES;
				CLANG_WARN_STRICT_PROTOTYPES = YES;
				CLANG_WARN_SUSPICIOUS_MOVE = YES;
				CLANG_WARN_UNGUARDED_AVAILABILITY = YES_AGGRESSIVE;
				CLANG_WARN_UNREACHABLE_CODE = YES;
				CLANG_WARN__DUPLICATE_METHOD_MATCH = YES;
				COPY_PHASE_STRIP = NO;
				DEBUG_INFORMATION_FORMAT = dwarf;
				ENABLE_STRICT_OBJC_MSGSEND = YES;
				ENABLE_TESTABILITY = YES;
				GCC_C_LANGUAGE_STANDARD = gnu11;
				GCC_DYNAMIC_NO_PIC = NO;
				GCC_NO_COMMON_BLOCKS = YES;
				GCC_OPTIMIZATION_LEVEL = 0;
				GCC_PREPROCESSOR_DEFINITIONS = (
					"DEBUG=1",
					"$(inherited)",
				);
				GCC_WARN_64_TO_32_BIT_CONVERSION = YES;
				GCC_WARN_ABOUT_RETURN_TYPE = YES_ERROR;
				GCC_WARN_UNDECLARED_SELECTOR = YES;
				GCC_WARN_UNINITIALIZED_AUTOS = YES_AGGRESSIVE;
				GCC_WARN_UNUSED_FUNCTION = YES;
				GCC_WARN_UNUSED_VARIABLE = YES;
				IPHONEOS_DEPLOYMENT_TARGET = 16.4;
				MTL_ENABLE_DEBUG_INFO = INCLUDE_SOURCE;
				MTL_FAST_MATH = YES;
				ONLY_ACTIVE_ARCH = YES;
				SDKROOT = iphoneos;
				SWIFT_ACTIVE_COMPILATION_CONDITIONS = DEBUG;
				SWIFT_OPTIMIZATION_LEVEL = "-Onone";
			};
			name = Debug;
		};
		33ABFE752A62A0D900D03EEE /* Release */ = {
			isa = XCBuildConfiguration;
			buildSettings = {
				ALWAYS_SEARCH_USER_PATHS = NO;
				CLANG_ANALYZER_NONNULL = YES;
				CLANG_ANALYZER_NUMBER_OBJECT_CONVERSION = YES_AGGRESSIVE;
				CLANG_CXX_LANGUAGE_STANDARD = "gnu++20";
				CLANG_ENABLE_MODULES = YES;
				CLANG_ENABLE_OBJC_ARC = YES;
				CLANG_ENABLE_OBJC_WEAK = YES;
				CLANG_WARN_BLOCK_CAPTURE_AUTORELEASING = YES;
				CLANG_WARN_BOOL_CONVERSION = YES;
				CLANG_WARN_COMMA = YES;
				CLANG_WARN_CONSTANT_CONVERSION = YES;
				CLANG_WARN_DEPRECATED_OBJC_IMPLEMENTATIONS = YES;
				CLANG_WARN_DIRECT_OBJC_ISA_USAGE = YES_ERROR;
				CLANG_WARN_DOCUMENTATION_COMMENTS = YES;
				CLANG_WARN_EMPTY_BODY = YES;
				CLANG_WARN_ENUM_CONVERSION = YES;
				CLANG_WARN_INFINITE_RECURSION = YES;
				CLANG_WARN_INT_CONVERSION = YES;
				CLANG_WARN_NON_LITERAL_NULL_CONVERSION = YES;
				CLANG_WARN_OBJC_IMPLICIT_RETAIN_SELF = YES;
				CLANG_WARN_OBJC_LITERAL_CONVERSION = YES;
				CLANG_WARN_OBJC_ROOT_CLASS = YES_ERROR;
				CLANG_WARN_QUOTED_INCLUDE_IN_FRAMEWORK_HEADER = YES;
				CLANG_WARN_RANGE_LOOP_ANALYSIS = YES;
				CLANG_WARN_STRICT_PROTOTYPES = YES;
				CLANG_WARN_SUSPICIOUS_MOVE = YES;
				CLANG_WARN_UNGUARDED_AVAILABILITY = YES_AGGRESSIVE;
				CLANG_WARN_UNREACHABLE_CODE = YES;
				CLANG_WARN__DUPLICATE_METHOD_MATCH = YES;
				COPY_PHASE_STRIP = NO;
				DEBUG_INFORMATION_FORMAT = "dwarf-with-dsym";
				ENABLE_NS_ASSERTIONS = NO;
				ENABLE_STRICT_OBJC_MSGSEND = YES;
				GCC_C_LANGUAGE_STANDARD = gnu11;
				GCC_NO_COMMON_BLOCKS = YES;
				GCC_WARN_64_TO_32_BIT_CONVERSION = YES;
				GCC_WARN_ABOUT_RETURN_TYPE = YES_ERROR;
				GCC_WARN_UNDECLARED_SELECTOR = YES;
				GCC_WARN_UNINITIALIZED_AUTOS = YES_AGGRESSIVE;
				GCC_WARN_UNUSED_FUNCTION = YES;
				GCC_WARN_UNUSED_VARIABLE = YES;
				IPHONEOS_DEPLOYMENT_TARGET = 16.4;
				MTL_ENABLE_DEBUG_INFO = NO;
				MTL_FAST_MATH = YES;
				SDKROOT = iphoneos;
				SWIFT_COMPILATION_MODE = wholemodule;
				SWIFT_OPTIMIZATION_LEVEL = "-O";
				VALIDATE_PRODUCT = YES;
			};
			name = Release;
		};
		33ABFE772A62A0D900D03EEE /* Debug */ = {
			isa = XCBuildConfiguration;
			buildSettings = {
				ASSETCATALOG_COMPILER_APPICON_NAME = AppIcon;
				ASSETCATALOG_COMPILER_GLOBAL_ACCENT_COLOR_NAME = AccentColor;
				CODE_SIGN_STYLE = Automatic;
				CURRENT_PROJECT_VERSION = 1;
				GENERATE_INFOPLIST_FILE = YES;
				INFOPLIST_FILE = "AnimalInfos-HW3/Info.plist";
				INFOPLIST_KEY_UIApplicationSupportsIndirectInputEvents = YES;
				INFOPLIST_KEY_UILaunchStoryboardName = LaunchScreen;
				INFOPLIST_KEY_UISupportedInterfaceOrientations_iPad = "UIInterfaceOrientationPortrait UIInterfaceOrientationPortraitUpsideDown UIInterfaceOrientationLandscapeLeft UIInterfaceOrientationLandscapeRight";
				INFOPLIST_KEY_UISupportedInterfaceOrientations_iPhone = "UIInterfaceOrientationPortrait UIInterfaceOrientationLandscapeLeft UIInterfaceOrientationLandscapeRight";
				LD_RUNPATH_SEARCH_PATHS = (
					"$(inherited)",
					"@executable_path/Frameworks",
				);
				MARKETING_VERSION = 1.0;
				PRODUCT_BUNDLE_IDENTIFIER = "com.example.AnimalInfos-HW3";
				PRODUCT_NAME = "$(TARGET_NAME)";
				SWIFT_EMIT_LOC_STRINGS = YES;
				SWIFT_VERSION = 5.0;
				TARGETED_DEVICE_FAMILY = "1,2";
			};
			name = Debug;
		};
		33ABFE782A62A0D900D03EEE /* Release */ = {
			isa = XCBuildConfiguration;
			buildSettings = {
				ASSETCATALOG_COMPILER_APPICON_NAME = AppIcon;
				ASSETCATALOG_COMPILER_GLOBAL_ACCENT_COLOR_NAME = AccentColor;
				CODE_SIGN_STYLE = Automatic;
				CURRENT_PROJECT_VERSION = 1;
				GENERATE_INFOPLIST_FILE = YES;
				INFOPLIST_FILE = "AnimalInfos-HW3/Info.plist";
				INFOPLIST_KEY_UIApplicationSupportsIndirectInputEvents = YES;
				INFOPLIST_KEY_UILaunchStoryboardName = LaunchScreen;
				INFOPLIST_KEY_UISupportedInterfaceOrientations_iPad = "UIInterfaceOrientationPortrait UIInterfaceOrientationPortraitUpsideDown UIInterfaceOrientationLandscapeLeft UIInterfaceOrientationLandscapeRight";
				INFOPLIST_KEY_UISupportedInterfaceOrientations_iPhone = "UIInterfaceOrientationPortrait UIInterfaceOrientationLandscapeLeft UIInterfaceOrientationLandscapeRight";
				LD_RUNPATH_SEARCH_PATHS = (
					"$(inherited)",
					"@executable_path/Frameworks",
				);
				MARKETING_VERSION = 1.0;
				PRODUCT_BUNDLE_IDENTIFIER = "com.example.AnimalInfos-HW3";
				PRODUCT_NAME = "$(TARGET_NAME)";
				SWIFT_EMIT_LOC_STRINGS = YES;
				SWIFT_VERSION = 5.0;
				TARGETED_DEVICE_FAMILY = "1,2";
			};
			name = Release;
		};
/* End XCBuildConfiguration section */

/* Begin XCConfigurationList section */
		33ABFE5D2A62A0D600D03EEE /* Build configuration list for PBXProject "AnimalInfos-HW3" */ = {
			isa = XCConfigurationList;
			buildConfigurations = (
				33ABFE742A62A0D900D03EEE /* Debug */,
				33ABFE752A62A0D900D03EEE /* Release */,
			);
			defaultConfigurationIsVisible = 0;
			defaultConfigurationName = Release;
		};
		33ABFE762A62A0D900D03EEE /* Build configuration list for PBXNativeTarget "AnimalInfos-HW3" */ = {
			isa = XCConfigurationList;
			buildConfigurations = (
				33ABFE772A62A0D900D03EEE /* Debug */,
				33ABFE782A62A0D900D03EEE /* Release */,
			);
			defaultConfigurationIsVisible = 0;
			defaultConfigurationName = Release;
		};
/* End XCConfigurationList section */
	};
	rootObject = 33ABFE5A2A62A0D600D03EEE /* Project object */;
}
