// !$*UTF8*$!
{
	archiveVersion = 1;
	classes = {
	};
	objectVersion = 56;
	objects = {

/* Begin PBXBuildFile section */
		3347680D2A5813DA00999E68 /* GameElement.swift in Sources */ = {isa = PBXBuildFile; fileRef = 3347680C2A5813DA00999E68 /* GameElement.swift */; };
		334768102A58147100999E68 /* GameState.swift in Sources */ = {isa = PBXBuildFile; fileRef = 3347680F2A58147100999E68 /* GameState.swift */; };
		334768122A5822A600999E68 /* ResultViewController.swift in Sources */ = {isa = PBXBuildFile; fileRef = 334768112A5822A600999E68 /* ResultViewController.swift */; };
		339D9A6B2A575B300057D1EB /* AppDelegate.swift in Sources */ = {isa = PBXBuildFile; fileRef = 339D9A6A2A575B300057D1EB /* AppDelegate.swift */; };
		339D9A6D2A575B300057D1EB /* SceneDelegate.swift in Sources */ = {isa = PBXBuildFile; fileRef = 339D9A6C2A575B300057D1EB /* SceneDelegate.swift */; };
		339D9A6F2A575B300057D1EB /* ViewController.swift in Sources */ = {isa = PBXBuildFile; fileRef = 339D9A6E2A575B300057D1EB /* ViewController.swift */; };
		339D9A722A575B300057D1EB /* Main.storyboard in Resources */ = {isa = PBXBuildFile; fileRef = 339D9A702A575B300057D1EB /* Main.storyboard */; };
		339D9A742A575B320057D1EB /* Assets.xcassets in Resources */ = {isa = PBXBuildFile; fileRef = 339D9A732A575B320057D1EB /* Assets.xcassets */; };
		339D9A772A575B320057D1EB /* LaunchScreen.storyboard in Resources */ = {isa = PBXBuildFile; fileRef = 339D9A752A575B320057D1EB /* LaunchScreen.storyboard */; };
/* End PBXBuildFile section */

/* Begin PBXFileReference section */
		3347680C2A5813DA00999E68 /* GameElement.swift */ = {isa = PBXFileReference; lastKnownFileType = sourcecode.swift; path = GameElement.swift; sourceTree = "<group>"; };
		3347680F2A58147100999E68 /* GameState.swift */ = {isa = PBXFileReference; lastKnownFileType = sourcecode.swift; path = GameState.swift; sourceTree = "<group>"; };
		334768112A5822A600999E68 /* ResultViewController.swift */ = {isa = PBXFileReference; lastKnownFileType = sourcecode.swift; path = ResultViewController.swift; sourceTree = "<group>"; };
		339D9A672A575B300057D1EB /* RockPaperScissorsGame.app */ = {isa = PBXFileReference; explicitFileType = wrapper.application; includeInIndex = 0; path = RockPaperScissorsGame.app; sourceTree = BUILT_PRODUCTS_DIR; };
		339D9A6A2A575B300057D1EB /* AppDelegate.swift */ = {isa = PBXFileReference; lastKnownFileType = sourcecode.swift; path = AppDelegate.swift; sourceTree = "<group>"; };
		339D9A6C2A575B300057D1EB /* SceneDelegate.swift */ = {isa = PBXFileReference; lastKnownFileType = sourcecode.swift; path = SceneDelegate.swift; sourceTree = "<group>"; };
		339D9A6E2A575B300057D1EB /* ViewController.swift */ = {isa = PBXFileReference; lastKnownFileType = sourcecode.swift; path = ViewController.swift; sourceTree = "<group>"; };
		339D9A712A575B300057D1EB /* Base */ = {isa = PBXFileReference; lastKnownFileType = file.storyboard; name = Base; path = Base.lproj/Main.storyboard; sourceTree = "<group>"; };
		339D9A732A575B320057D1EB /* Assets.xcassets */ = {isa = PBXFileReference; lastKnownFileType = folder.assetcatalog; path = Assets.xcassets; sourceTree = "<group>"; };
		339D9A762A575B320057D1EB /* Base */ = {isa = PBXFileReference; lastKnownFileType = file.storyboard; name = Base; path = Base.lproj/LaunchScreen.storyboard; sourceTree = "<group>"; };
		339D9A782A575B320057D1EB /* Info.plist */ = {isa = PBXFileReference; lastKnownFileType = text.plist.xml; path = Info.plist; sourceTree = "<group>"; };
/* End PBXFileReference section */

/* Begin PBXFrameworksBuildPhase section */
		339D9A642A575B300057D1EB /* Frameworks */ = {
			isa = PBXFrameworksBuildPhase;
			buildActionMask = 2147483647;
			files = (
			);
			runOnlyForDeploymentPostprocessing = 0;
		};
/* End PBXFrameworksBuildPhase section */

/* Begin PBXGroup section */
		3347680E2A58145200999E68 /* Enums */ = {
			isa = PBXGroup;
			children = (
				3347680C2A5813DA00999E68 /* GameElement.swift */,
				3347680F2A58147100999E68 /* GameState.swift */,
			);
			path = Enums;
			sourceTree = "<group>";
		};
		335677042A58D14B00C49642 /* Controller */ = {
			isa = PBXGroup;
			children = (
				339D9A6E2A575B300057D1EB /* ViewController.swift */,
				334768112A5822A600999E68 /* ResultViewController.swift */,
			);
			path = Controller;
			sourceTree = "<group>";
		};
		339D9A5E2A575B300057D1EB = {
			isa = PBXGroup;
			children = (
				339D9A692A575B300057D1EB /* RockPaperScissorsGame */,
				339D9A682A575B300057D1EB /* Products */,
			);
			sourceTree = "<group>";
		};
		339D9A682A575B300057D1EB /* Products */ = {
			isa = PBXGroup;
			children = (
				339D9A672A575B300057D1EB /* RockPaperScissorsGame.app */,
			);
			name = Products;
			sourceTree = "<group>";
		};
		339D9A692A575B300057D1EB /* RockPaperScissorsGame */ = {
			isa = PBXGroup;
			children = (
				339D9A6A2A575B300057D1EB /* AppDelegate.swift */,
				339D9A6C2A575B300057D1EB /* SceneDelegate.swift */,
				335677042A58D14B00C49642 /* Controller */,
				3347680E2A58145200999E68 /* Enums */,
				339D9A702A575B300057D1EB /* Main.storyboard */,
				339D9A732A575B320057D1EB /* Assets.xcassets */,
				339D9A752A575B320057D1EB /* LaunchScreen.storyboard */,
				339D9A782A575B320057D1EB /* Info.plist */,
			);
			path = RockPaperScissorsGame;
			sourceTree = "<group>";
		};
/* End PBXGroup section */

/* Begin PBXNativeTarget section */
		339D9A662A575B300057D1EB /* RockPaperScissorsGame */ = {
			isa = PBXNativeTarget;
			buildConfigurationList = 339D9A7B2A575B320057D1EB /* Build configuration list for PBXNativeTarget "RockPaperScissorsGame" */;
			buildPhases = (
				339D9A632A575B300057D1EB /* Sources */,
				339D9A642A575B300057D1EB /* Frameworks */,
				339D9A652A575B300057D1EB /* Resources */,
			);
			buildRules = (
			);
			dependencies = (
			);
			name = RockPaperScissorsGame;
			productName = RockPaperScissorsGame;
			productReference = 339D9A672A575B300057D1EB /* RockPaperScissorsGame.app */;
			productType = "com.apple.product-type.application";
		};
/* End PBXNativeTarget section */

/* Begin PBXProject section */
		339D9A5F2A575B300057D1EB /* Project object */ = {
			isa = PBXProject;
			attributes = {
				BuildIndependentTargetsInParallel = 1;
				LastSwiftUpdateCheck = 1430;
				LastUpgradeCheck = 1430;
				TargetAttributes = {
					339D9A662A575B300057D1EB = {
						CreatedOnToolsVersion = 14.3.1;
					};
				};
			};
			buildConfigurationList = 339D9A622A575B300057D1EB /* Build configuration list for PBXProject "RockPaperScissorsGame" */;
			compatibilityVersion = "Xcode 14.0";
			developmentRegion = en;
			hasScannedForEncodings = 0;
			knownRegions = (
				en,
				Base,
			);
			mainGroup = 339D9A5E2A575B300057D1EB;
			productRefGroup = 339D9A682A575B300057D1EB /* Products */;
			projectDirPath = "";
			projectRoot = "";
			targets = (
				339D9A662A575B300057D1EB /* RockPaperScissorsGame */,
			);
		};
/* End PBXProject section */

/* Begin PBXResourcesBuildPhase section */
		339D9A652A575B300057D1EB /* Resources */ = {
			isa = PBXResourcesBuildPhase;
			buildActionMask = 2147483647;
			files = (
				339D9A772A575B320057D1EB /* LaunchScreen.storyboard in Resources */,
				339D9A742A575B320057D1EB /* Assets.xcassets in Resources */,
				339D9A722A575B300057D1EB /* Main.storyboard in Resources */,
			);
			runOnlyForDeploymentPostprocessing = 0;
		};
/* End PBXResourcesBuildPhase section */

/* Begin PBXSourcesBuildPhase section */
		339D9A632A575B300057D1EB /* Sources */ = {
			isa = PBXSourcesBuildPhase;
			buildActionMask = 2147483647;
			files = (
				339D9A6F2A575B300057D1EB /* ViewController.swift in Sources */,
				339D9A6B2A575B300057D1EB /* AppDelegate.swift in Sources */,
				334768102A58147100999E68 /* GameState.swift in Sources */,
				3347680D2A5813DA00999E68 /* GameElement.swift in Sources */,
				339D9A6D2A575B300057D1EB /* SceneDelegate.swift in Sources */,
				334768122A5822A600999E68 /* ResultViewController.swift in Sources */,
			);
			runOnlyForDeploymentPostprocessing = 0;
		};
/* End PBXSourcesBuildPhase section */

/* Begin PBXVariantGroup section */
		339D9A702A575B300057D1EB /* Main.storyboard */ = {
			isa = PBXVariantGroup;
			children = (
				339D9A712A575B300057D1EB /* Base */,
			);
			name = Main.storyboard;
			sourceTree = "<group>";
		};
		339D9A752A575B320057D1EB /* LaunchScreen.storyboard */ = {
			isa = PBXVariantGroup;
			children = (
				339D9A762A575B320057D1EB /* Base */,
			);
			name = LaunchScreen.storyboard;
			sourceTree = "<group>";
		};
/* End PBXVariantGroup section */

/* Begin XCBuildConfiguration section */
		339D9A792A575B320057D1EB /* Debug */ = {
			isa = XCBuildConfiguration;
			buildSettings = {
				ALWAYS_SEARCH_USER_PATHS = NO;
				CLANG_ANALYZER_NONNULL = YES;
				CLANG_ANALYZER_NUMBER_OBJECT_CONVERSION = YES_AGGRESSIVE;
				CLANG_CXX_LANGUAGE_STANDARD = "gnu++20";
				CLANG_ENABLE_MODULES = YES;
				CLANG_ENABLE_OBJC_ARC = YES;
				CLANG_ENABLE_OBJC_WEAK = YES;
				CLANG_WARN_BLOCK_CAPTURE_AUTORELEASING = YES;
				CLANG_WARN_BOOL_CONVERSION = YES;
				CLANG_WARN_COMMA = YES;
				CLANG_WARN_CONSTANT_CONVERSION = YES;
				CLANG_WARN_DEPRECATED_OBJC_IMPLEMENTATIONS = YES;
				CLANG_WARN_DIRECT_OBJC_ISA_USAGE = YES_ERROR;
				CLANG_WARN_DOCUMENTATION_COMMENTS = YES;
				CLANG_WARN_EMPTY_BODY = YES;
				CLANG_WARN_ENUM_CONVERSION = YES;
				CLANG_WARN_INFINITE_RECURSION = YES;
				CLANG_WARN_INT_CONVERSION = YES;
				CLANG_WARN_NON_LITERAL_NULL_CONVERSION = YES;
				CLANG_WARN_OBJC_IMPLICIT_RETAIN_SELF = YES;
				CLANG_WARN_OBJC_LITERAL_CONVERSION = YES;
				CLANG_WARN_OBJC_ROOT_CLASS = YES_ERROR;
				CLANG_WARN_QUOTED_INCLUDE_IN_FRAMEWORK_HEADER = YES;
				CLANG_WARN_RANGE_LOOP_ANALYSIS = YES;
				CLANG_WARN_STRICT_PROTOTYPES = YES;
				CLANG_WARN_SUSPICIOUS_MOVE = YES;
				CLANG_WARN_UNGUARDED_AVAILABILITY = YES_AGGRESSIVE;
				CLANG_WARN_UNREACHABLE_CODE = YES;
				CLANG_WARN__DUPLICATE_METHOD_MATCH = YES;
				COPY_PHASE_STRIP = NO;
				DEBUG_INFORMATION_FORMAT = dwarf;
				ENABLE_STRICT_OBJC_MSGSEND = YES;
				ENABLE_TESTABILITY = YES;
				GCC_C_LANGUAGE_STANDARD = gnu11;
				GCC_DYNAMIC_NO_PIC = NO;
				GCC_NO_COMMON_BLOCKS = YES;
				GCC_OPTIMIZATION_LEVEL = 0;
				GCC_PREPROCESSOR_DEFINITIONS = (
					"DEBUG=1",
					"$(inherited)",
				);
				GCC_WARN_64_TO_32_BIT_CONVERSION = YES;
				GCC_WARN_ABOUT_RETURN_TYPE = YES_ERROR;
				GCC_WARN_UNDECLARED_SELECTOR = YES;
				GCC_WARN_UNINITIALIZED_AUTOS = YES_AGGRESSIVE;
				GCC_WARN_UNUSED_FUNCTION = YES;
				GCC_WARN_UNUSED_VARIABLE = YES;
				IPHONEOS_DEPLOYMENT_TARGET = 16.4;
				MTL_ENABLE_DEBUG_INFO = INCLUDE_SOURCE;
				MTL_FAST_MATH = YES;
				ONLY_ACTIVE_ARCH = YES;
				SDKROOT = iphoneos;
				SWIFT_ACTIVE_COMPILATION_CONDITIONS = DEBUG;
				SWIFT_OPTIMIZATION_LEVEL = "-Onone";
			};
			name = Debug;
		};
		339D9A7A2A575B320057D1EB /* Release */ = {
			isa = XCBuildConfiguration;
			buildSettings = {
				ALWAYS_SEARCH_USER_PATHS = NO;
				CLANG_ANALYZER_NONNULL = YES;
				CLANG_ANALYZER_NUMBER_OBJECT_CONVERSION = YES_AGGRESSIVE;
				CLANG_CXX_LANGUAGE_STANDARD = "gnu++20";
				CLANG_ENABLE_MODULES = YES;
				CLANG_ENABLE_OBJC_ARC = YES;
				CLANG_ENABLE_OBJC_WEAK = YES;
				CLANG_WARN_BLOCK_CAPTURE_AUTORELEASING = YES;
				CLANG_WARN_BOOL_CONVERSION = YES;
				CLANG_WARN_COMMA = YES;
				CLANG_WARN_CONSTANT_CONVERSION = YES;
				CLANG_WARN_DEPRECATED_OBJC_IMPLEMENTATIONS = YES;
				CLANG_WARN_DIRECT_OBJC_ISA_USAGE = YES_ERROR;
				CLANG_WARN_DOCUMENTATION_COMMENTS = YES;
				CLANG_WARN_EMPTY_BODY = YES;
				CLANG_WARN_ENUM_CONVERSION = YES;
				CLANG_WARN_INFINITE_RECURSION = YES;
				CLANG_WARN_INT_CONVERSION = YES;
				CLANG_WARN_NON_LITERAL_NULL_CONVERSION = YES;
				CLANG_WARN_OBJC_IMPLICIT_RETAIN_SELF = YES;
				CLANG_WARN_OBJC_LITERAL_CONVERSION = YES;
				CLANG_WARN_OBJC_ROOT_CLASS = YES_ERROR;
				CLANG_WARN_QUOTED_INCLUDE_IN_FRAMEWORK_HEADER = YES;
				CLANG_WARN_RANGE_LOOP_ANALYSIS = YES;
				CLANG_WARN_STRICT_PROTOTYPES = YES;
				CLANG_WARN_SUSPICIOUS_MOVE = YES;
				CLANG_WARN_UNGUARDED_AVAILABILITY = YES_AGGRESSIVE;
				CLANG_WARN_UNREACHABLE_CODE = YES;
				CLANG_WARN__DUPLICATE_METHOD_MATCH = YES;
				COPY_PHASE_STRIP = NO;
				DEBUG_INFORMATION_FORMAT = "dwarf-with-dsym";
				ENABLE_NS_ASSERTIONS = NO;
				ENABLE_STRICT_OBJC_MSGSEND = YES;
				GCC_C_LANGUAGE_STANDARD = gnu11;
				GCC_NO_COMMON_BLOCKS = YES;
				GCC_WARN_64_TO_32_BIT_CONVERSION = YES;
				GCC_WARN_ABOUT_RETURN_TYPE = YES_ERROR;
				GCC_WARN_UNDECLARED_SELECTOR = YES;
				GCC_WARN_UNINITIALIZED_AUTOS = YES_AGGRESSIVE;
				GCC_WARN_UNUSED_FUNCTION = YES;
				GCC_WARN_UNUSED_VARIABLE = YES;
				IPHONEOS_DEPLOYMENT_TARGET = 16.4;
				MTL_ENABLE_DEBUG_INFO = NO;
				MTL_FAST_MATH = YES;
				SDKROOT = iphoneos;
				SWIFT_COMPILATION_MODE = wholemodule;
				SWIFT_OPTIMIZATION_LEVEL = "-O";
				VALIDATE_PRODUCT = YES;
			};
			name = Release;
		};
		339D9A7C2A575B320057D1EB /* Debug */ = {
			isa = XCBuildConfiguration;
			buildSettings = {
				ASSETCATALOG_COMPILER_APPICON_NAME = AppIcon;
				ASSETCATALOG_COMPILER_GLOBAL_ACCENT_COLOR_NAME = AccentColor;
				CODE_SIGN_STYLE = Automatic;
				CURRENT_PROJECT_VERSION = 1;
				GENERATE_INFOPLIST_FILE = YES;
				INFOPLIST_FILE = RockPaperScissorsGame/Info.plist;
				INFOPLIST_KEY_UIApplicationSupportsIndirectInputEvents = YES;
				INFOPLIST_KEY_UILaunchStoryboardName = LaunchScreen;
				INFOPLIST_KEY_UIMainStoryboardFile = Main;
				INFOPLIST_KEY_UISupportedInterfaceOrientations_iPad = "UIInterfaceOrientationPortrait UIInterfaceOrientationPortraitUpsideDown UIInterfaceOrientationLandscapeLeft UIInterfaceOrientationLandscapeRight";
				INFOPLIST_KEY_UISupportedInterfaceOrientations_iPhone = "UIInterfaceOrientationPortrait UIInterfaceOrientationLandscapeLeft UIInterfaceOrientationLandscapeRight";
				LD_RUNPATH_SEARCH_PATHS = (
					"$(inherited)",
					"@executable_path/Frameworks",
				);
				MARKETING_VERSION = 1.0;
				PRODUCT_BUNDLE_IDENTIFIER = com.example.RockPaperScissorsGame;
				PRODUCT_NAME = "$(TARGET_NAME)";
				SWIFT_EMIT_LOC_STRINGS = YES;
				SWIFT_VERSION = 5.0;
				TARGETED_DEVICE_FAMILY = "1,2";
			};
			name = Debug;
		};
		339D9A7D2A575B320057D1EB /* Release */ = {
			isa = XCBuildConfiguration;
			buildSettings = {
				ASSETCATALOG_COMPILER_APPICON_NAME = AppIcon;
				ASSETCATALOG_COMPILER_GLOBAL_ACCENT_COLOR_NAME = AccentColor;
				CODE_SIGN_STYLE = Automatic;
				CURRENT_PROJECT_VERSION = 1;
				GENERATE_INFOPLIST_FILE = YES;
				INFOPLIST_FILE = RockPaperScissorsGame/Info.plist;
				INFOPLIST_KEY_UIApplicationSupportsIndirectInputEvents = YES;
				INFOPLIST_KEY_UILaunchStoryboardName = LaunchScreen;
				INFOPLIST_KEY_UIMainStoryboardFile = Main;
				INFOPLIST_KEY_UISupportedInterfaceOrientations_iPad = "UIInterfaceOrientationPortrait UIInterfaceOrientationPortraitUpsideDown UIInterfaceOrientationLandscapeLeft UIInterfaceOrientationLandscapeRight";
				INFOPLIST_KEY_UISupportedInterfaceOrientations_iPhone = "UIInterfaceOrientationPortrait UIInterfaceOrientationLandscapeLeft UIInterfaceOrientationLandscapeRight";
				LD_RUNPATH_SEARCH_PATHS = (
					"$(inherited)",
					"@executable_path/Frameworks",
				);
				MARKETING_VERSION = 1.0;
				PRODUCT_BUNDLE_IDENTIFIER = com.example.RockPaperScissorsGame;
				PRODUCT_NAME = "$(TARGET_NAME)";
				SWIFT_EMIT_LOC_STRINGS = YES;
				SWIFT_VERSION = 5.0;
				TARGETED_DEVICE_FAMILY = "1,2";
			};
			name = Release;
		};
/* End XCBuildConfiguration section */

/* Begin XCConfigurationList section */
		339D9A622A575B300057D1EB /* Build configuration list for PBXProject "RockPaperScissorsGame" */ = {
			isa = XCConfigurationList;
			buildConfigurations = (
				339D9A792A575B320057D1EB /* Debug */,
				339D9A7A2A575B320057D1EB /* Release */,
			);
			defaultConfigurationIsVisible = 0;
			defaultConfigurationName = Release;
		};
		339D9A7B2A575B320057D1EB /* Build configuration list for PBXNativeTarget "RockPaperScissorsGame" */ = {
			isa = XCConfigurationList;
			buildConfigurations = (
				339D9A7C2A575B320057D1EB /* Debug */,
				339D9A7D2A575B320057D1EB /* Release */,
			);
			defaultConfigurationIsVisible = 0;
			defaultConfigurationName = Release;
		};
/* End XCConfigurationList section */
	};
	rootObject = 339D9A5F2A575B300057D1EB /* Project object */;
}
